
Microsoft Visual Studio Solution File, Format Version 12.00
# Visual Studio Version 17
VisualStudioVersion = 17.7.34031.279
MinimumVisualStudioVersion = 10.0.40219.1
Project("{FAE04EC0-301F-11D3-BF4B-00C04F79EFBC}") = "HangFireExample", "HangFireExample\HangFireExample.csproj", "{2974C654-D0D3-4D0C-BCF8-387595E73856}"
EndProject
Global
	GlobalSection(SolutionConfigurationPlatforms) = preSolution
		Debug|Any CPU = Debug|Any CPU
		Release|Any CPU = Release|Any CPU
	EndGlobalSection
	GlobalSection(ProjectConfigurationPlatforms) = postSolution
		{2974C654-D0D3-4D0C-BCF8-387595E73856}.Debug|Any CPU.ActiveCfg = Debug|Any CPU
		{2974C654-D0D3-4D0C-BCF8-387595E73856}.Debug|Any CPU.Build.0 = Debug|Any CPU
		{2974C654-D0D3-4D0C-BCF8-387595E73856}.Release|Any CPU.ActiveCfg = Release|Any CPU
		{2974C654-D0D3-4D0C-BCF8-387595E73856}.Release|Any CPU.Build.0 = Release|Any CPU
	EndGlobalSection
	GlobalSection(SolutionProperties) = preSolution
		HideSolutionNode = FALSE
	EndGlobalSection
	GlobalSection(ExtensibilityGlobals) = postSolution
		SolutionGuid = {FEF56FA4-412D-4CD1-BC46-E1FA0008DA80}
	EndGlobalSection
EndGlobal
